<?xml version="1.0" encoding="utf-8"?>
<Project ToolsVersion="4.0" xmlns="http://schemas.microsoft.com/developer/msbuild/2003">
  <ItemGroup>
    <Filter Include="Source Files">
      <UniqueIdentifier>{4FC737F1-C7A5-4376-A066-2A32D752A2FF}</UniqueIdentifier>
      <Extensions>cpp;c;cc;cxx;def;odl;idl;hpj;bat;asm;asmx</Extensions>
    </Filter>
    <Filter Include="Header Files">
      <UniqueIdentifier>{93995380-89BD-4b04-88EB-625FBE52EBFB}</UniqueIdentifier>
      <Extensions>h;hh;hpp;hxx;hm;inl;inc;xsd</Extensions>
    </Filter>
    <Filter Include="Resource Files">
      <UniqueIdentifier>{67DA6AB6-F800-4c08-8B7A-83BB121AAD01}</UniqueIdentifier>
      <Extensions>rc;ico;cur;bmp;dlg;rc2;rct;bin;rgs;gif;jpg;jpeg;jpe;resx;tiff;tif;png;wav;mfcribbon-ms</Extensions>
    </Filter>
    <Filter Include="Header Files\Structs">
      <UniqueIdentifier>{3dc57b87-5b4c-4a94-8f95-52cfe3cdb4a1}</UniqueIdentifier>
    </Filter>
  </ItemGroup>
  <ItemGroup>
    <ClInclude Include="Stdafx.h">
      <Filter>Header Files</Filter>
    </ClInclude>
    <ClInclude Include="resource.h">
      <Filter>Header Files</Filter>
    </ClInclude>
    <ClInclude Include="ManagedVulkan.h">
      <Filter>Header Files</Filter>
    </ClInclude>
    <ClInclude Include="VkEnums.h">
      <Filter>Header Files</Filter>
    </ClInclude>
    <ClInclude Include="VkStructs.h">
      <Filter>Header Files</Filter>
    </ClInclude>
    <ClInclude Include="VkHandles.h">
      <Filter>Header Files</Filter>
    </ClInclude>
    <ClInclude Include="VkDelegates.h">
      <Filter>Header Files</Filter>
    </ClInclude>
    <ClInclude Include="VkQueue.h">
      <Filter>Header Files</Filter>
    </ClInclude>
    <ClInclude Include="VkDevice.h">
      <Filter>Header Files</Filter>
    </ClInclude>
    <ClInclude Include="VkCommandBuffer.h">
      <Filter>Header Files</Filter>
    </ClInclude>
    <ClInclude Include="VkPhysicalDevice.h">
      <Filter>Header Files</Filter>
    </ClInclude>
    <ClInclude Include="VkInstance.h">
      <Filter>Header Files</Filter>
    </ClInclude>
    <ClInclude Include="VkCommandBufferInheritenceInfo.h">
      <Filter>Header Files\Structs</Filter>
    </ClInclude>
    <ClInclude Include="VkCommandBufferBeginInfo.h">
      <Filter>Header Files\Structs</Filter>
    </ClInclude>
    <ClInclude Include="VkViewport.h">
      <Filter>Header Files\Structs</Filter>
    </ClInclude>
    <ClInclude Include="VkRect2D.h">
      <Filter>Header Files\Structs</Filter>
    </ClInclude>
    <ClInclude Include="VkOffset2D.h">
      <Filter>Header Files\Structs</Filter>
    </ClInclude>
    <ClInclude Include="VkExtent2D.h">
      <Filter>Header Files\Structs</Filter>
    </ClInclude>
    <ClInclude Include="VkVec4f.h">
      <Filter>Header Files\Structs</Filter>
    </ClInclude>
    <ClInclude Include="VkBufferCopy.h">
      <Filter>Header Files\Structs</Filter>
    </ClInclude>
    <ClInclude Include="VkImageCopy.h">
      <Filter>Header Files\Structs</Filter>
    </ClInclude>
    <ClInclude Include="VkOffset3D.h">
      <Filter>Header Files\Structs</Filter>
    </ClInclude>
    <ClInclude Include="VkExtent3D.h">
      <Filter>Header Files\Structs</Filter>
    </ClInclude>
    <ClInclude Include="VkImageSubresourceLayers.h">
      <Filter>Header Files\Structs</Filter>
    </ClInclude>
    <ClInclude Include="VkImageBlit.h">
      <Filter>Header Files\Structs</Filter>
    </ClInclude>
    <ClInclude Include="VkBufferImageCopy.h">
      <Filter>Header Files\Structs</Filter>
    </ClInclude>
    <ClInclude Include="VkImageSubresourceRange.h">
      <Filter>Header Files\Structs</Filter>
    </ClInclude>
    <ClInclude Include="VkClearColorValue.h">
      <Filter>Header Files\Structs</Filter>
    </ClInclude>
    <ClInclude Include="VkVec4Ui.h">
      <Filter>Header Files\Structs</Filter>
    </ClInclude>
    <ClInclude Include="VkVec4i.h">
      <Filter>Header Files\Structs</Filter>
    </ClInclude>
    <ClInclude Include="VkClearDepthStencilValue.h">
      <Filter>Header Files\Structs</Filter>
    </ClInclude>
    <ClInclude Include="VkClearAttachment.h">
      <Filter>Header Files\Structs</Filter>
    </ClInclude>
    <ClInclude Include="VkClearValue.h">
      <Filter>Header Files\Structs</Filter>
    </ClInclude>
    <ClInclude Include="VkClearRect.h">
      <Filter>Header Files\Structs</Filter>
    </ClInclude>
    <ClInclude Include="VkImageResolve.h">
      <Filter>Header Files\Structs</Filter>
    </ClInclude>
    <ClInclude Include="VkBufferMemoryBarrier.h">
      <Filter>Header Files\Structs</Filter>
    </ClInclude>
    <ClInclude Include="VkMemoryBarrier.h">
      <Filter>Header Files\Structs</Filter>
    </ClInclude>
    <ClInclude Include="VkImageMemoryBarrier.h">
      <Filter>Header Files\Structs</Filter>
    </ClInclude>
    <ClInclude Include="VkRenderPassBeginInfo.h">
      <Filter>Header Files\Structs</Filter>
    </ClInclude>
  </ItemGroup>
  <ItemGroup>
    <ClCompile Include="AssemblyInfo.cpp">
      <Filter>Source Files</Filter>
    </ClCompile>
    <ClCompile Include="Stdafx.cpp">
      <Filter>Source Files</Filter>
    </ClCompile>
    <ClCompile Include="VkQueue.cpp">
      <Filter>Source Files</Filter>
    </ClCompile>
    <ClCompile Include="VkCommandBuffer.cpp">
      <Filter>Source Files</Filter>
    </ClCompile>
    <ClCompile Include="VkDevice.cpp">
      <Filter>Source Files</Filter>
    </ClCompile>
    <ClCompile Include="VkPhysicalDevice.cpp">
      <Filter>Source Files</Filter>
    </ClCompile>
    <ClCompile Include="VkInstance.cpp">
      <Filter>Source Files</Filter>
    </ClCompile>
    <ClCompile Include="ManagedVulkan.cpp">
      <Filter>Source Files</Filter>
    </ClCompile>
  </ItemGroup>
  <ItemGroup>
    <Text Include="ReadMe.txt" />
  </ItemGroup>
  <ItemGroup>
    <ResourceCompile Include="app.rc">
      <Filter>Resource Files</Filter>
    </ResourceCompile>
  </ItemGroup>
  <ItemGroup>
    <Image Include="app.ico">
      <Filter>Resource Files</Filter>
    </Image>
  </ItemGroup>
</Project>